github.com/wso2/api-platform/sdk/core v0.3.2 h1:8eEEDUvJ2lYI3WsRq4XiskX+yBYOPbpaLCSakjwE5Bs=
github.com/wso2/api-platform/sdk/core v0.3.2/go.mod h1:TgjpOk3QBPc7xEQC+NctWcNq5dSPBkn7wSKh+hULTj8=
github.com/wso2/api-platform/sdk/core v0.3.4-alpha h1:VwiyWHh/BdxW00J6w0CM/2JzpuizMcoHPviBiwf/O1w=
github.com/wso2/api-platform/sdk/core v0.3.4-alpha/go.mod h1:TgjpOk3QBPc7xEQC+NctWcNq5dSPBkn7wSKh+hULTj8=
github.com/wso2/api-platform/sdk/core v0.3.4 h1:0QkrwZeeFppOiaU79swRa+5kRZ4cBqmF4absQ+rs4Z8=
github.com/wso2/api-platform/sdk/core v0.3.4/go.mod h1:TgjpOk3QBPc7xEQC+NctWcNq5dSPBkn7wSKh+hULTj8=
